
Microsoft Visual Studio Solution File, Format Version 12.00
# Visual Studio Version 16
VisualStudioVersion = 16.0.31624.102
MinimumVisualStudioVersion = 10.0.40219.1
Project("{9A19103F-16F7-4668-BE54-9A1E7A4F7556}") = "Even-Odd", "ConsoleApp6\Even-Odd.csproj", "{A80A7CEB-8275-45F9-BF29-64E192ECB115}"
EndProject
Global
	GlobalSection(SolutionConfigurationPlatforms) = preSolution
		Debug|Any CPU = Debug|Any CPU
		Release|Any CPU = Release|Any CPU
	EndGlobalSection
	GlobalSection(ProjectConfigurationPlatforms) = postSolution
		{A80A7CEB-8275-45F9-BF29-64E192ECB115}.Debug|Any CPU.ActiveCfg = Debug|Any CPU
		{A80A7CEB-8275-45F9-BF29-64E192ECB115}.Debug|Any CPU.Build.0 = Debug|Any CPU
		{A80A7CEB-8275-45F9-BF29-64E192ECB115}.Release|Any CPU.ActiveCfg = Release|Any CPU
		{A80A7CEB-8275-45F9-BF29-64E192ECB115}.Release|Any CPU.Build.0 = Release|Any CPU
	EndGlobalSection
	GlobalSection(SolutionProperties) = preSolution
		HideSolutionNode = FALSE
	EndGlobalSection
	GlobalSection(ExtensibilityGlobals) = postSolution
		SolutionGuid = {364A6EF7-7A24-4E60-9B6A-B825C9FBB334}
	EndGlobalSection
EndGlobal
